
Microsoft Visual Studio Solution File, Format Version 11.00
# Visual Studio 2010
Project("{2150E333-8FDC-42A3-9474-1A3956D46DE8}") = "Solution Items", "Solution Items", "{E89FED6B-45F6-4E36-A3D6-BF725F8537DF}"
	ProjectSection(SolutionItems) = preProject
		TextFile1.txt = TextFile1.txt
	EndProjectSection
EndProject
Project("{FAE04EC0-301F-11D3-BF4B-00C04F79EFBC}") = "Tackakom.UserInterface", "Tackakom.UserInterface\Tackakom.UserInterface.csproj", "{B8771747-1C18-4857-A668-44D11F4412F6}"
EndProject
Project("{FAE04EC0-301F-11D3-BF4B-00C04F79EFBC}") = "Tackakom.BusinessLogic", "Tackakom.BusinessLogic\Tackakom.BusinessLogic.csproj", "{BB0F10CA-8392-45D6-A9AA-D6BBAF052BF1}"
EndProject
Global
	GlobalSection(SolutionConfigurationPlatforms) = preSolution
		Debug|Any CPU = Debug|Any CPU
		Release|Any CPU = Release|Any CPU
	EndGlobalSection
	GlobalSection(ProjectConfigurationPlatforms) = postSolution
		{B8771747-1C18-4857-A668-44D11F4412F6}.Debug|Any CPU.ActiveCfg = Debug|Any CPU
		{B8771747-1C18-4857-A668-44D11F4412F6}.Debug|Any CPU.Build.0 = Debug|Any CPU
		{B8771747-1C18-4857-A668-44D11F4412F6}.Release|Any CPU.ActiveCfg = Release|Any CPU
		{B8771747-1C18-4857-A668-44D11F4412F6}.Release|Any CPU.Build.0 = Release|Any CPU
		{BB0F10CA-8392-45D6-A9AA-D6BBAF052BF1}.Debug|Any CPU.ActiveCfg = Debug|Any CPU
		{BB0F10CA-8392-45D6-A9AA-D6BBAF052BF1}.Debug|Any CPU.Build.0 = Debug|Any CPU
		{BB0F10CA-8392-45D6-A9AA-D6BBAF052BF1}.Release|Any CPU.ActiveCfg = Release|Any CPU
		{BB0F10CA-8392-45D6-A9AA-D6BBAF052BF1}.Release|Any CPU.Build.0 = Release|Any CPU
	EndGlobalSection
	GlobalSection(SolutionProperties) = preSolution
		HideSolutionNode = FALSE
	EndGlobalSection
EndGlobal
