
Microsoft Visual Studio Solution File, Format Version 11.00
# Visual Studio 2010
Project("{2150E333-8FDC-42A3-9474-1A3956D46DE8}") = "Solution Items", "Solution Items", "{E89FED6B-45F6-4E36-A3D6-BF725F8537DF}"
	ProjectSection(SolutionItems) = preProject
		TextFile1.txt = TextFile1.txt
	EndProjectSection
EndProject
Project("{FAE04EC0-301F-11D3-BF4B-00C04F79EFBC}") = "Tackakom.UserInterface", "Tackakom.UserInterface\Tackakom.UserInterface.csproj", "{B8771747-1C18-4857-A668-44D11F4412F6}"
EndProject
Project("{FAE04EC0-301F-11D3-BF4B-00C04F79EFBC}") = "Tackakom.Model", "Tackakom.Model\Tackakom.Model.csproj", "{0E4D9177-42A9-4C2A-A1B2-B71381099DB7}"
EndProject
Project("{FAE04EC0-301F-11D3-BF4B-00C04F79EFBC}") = "Tackakom.Repository", "Tackakom.Repository\Tackakom.Repository.csproj", "{09834DF9-119F-4CE6-8ABA-A780D42DC62F}"
EndProject
Global
	GlobalSection(SolutionConfigurationPlatforms) = preSolution
		Debug|Any CPU = Debug|Any CPU
		Release|Any CPU = Release|Any CPU
	EndGlobalSection
	GlobalSection(ProjectConfigurationPlatforms) = postSolution
		{B8771747-1C18-4857-A668-44D11F4412F6}.Debug|Any CPU.ActiveCfg = Debug|Any CPU
		{B8771747-1C18-4857-A668-44D11F4412F6}.Debug|Any CPU.Build.0 = Debug|Any CPU
		{B8771747-1C18-4857-A668-44D11F4412F6}.Release|Any CPU.ActiveCfg = Release|Any CPU
		{B8771747-1C18-4857-A668-44D11F4412F6}.Release|Any CPU.Build.0 = Release|Any CPU
		{0E4D9177-42A9-4C2A-A1B2-B71381099DB7}.Debug|Any CPU.ActiveCfg = Debug|Any CPU
		{0E4D9177-42A9-4C2A-A1B2-B71381099DB7}.Debug|Any CPU.Build.0 = Debug|Any CPU
		{0E4D9177-42A9-4C2A-A1B2-B71381099DB7}.Release|Any CPU.ActiveCfg = Release|Any CPU
		{0E4D9177-42A9-4C2A-A1B2-B71381099DB7}.Release|Any CPU.Build.0 = Release|Any CPU
		{09834DF9-119F-4CE6-8ABA-A780D42DC62F}.Debug|Any CPU.ActiveCfg = Debug|Any CPU
		{09834DF9-119F-4CE6-8ABA-A780D42DC62F}.Debug|Any CPU.Build.0 = Debug|Any CPU
		{09834DF9-119F-4CE6-8ABA-A780D42DC62F}.Release|Any CPU.ActiveCfg = Release|Any CPU
		{09834DF9-119F-4CE6-8ABA-A780D42DC62F}.Release|Any CPU.Build.0 = Release|Any CPU
	EndGlobalSection
	GlobalSection(SolutionProperties) = preSolution
		HideSolutionNode = FALSE
	EndGlobalSection
EndGlobal
